
Microsoft Visual Studio Solution File, Format Version 12.00
# Visual Studio Version 17
VisualStudioVersion = 17.5.002.0
MinimumVisualStudioVersion = 10.0.40219.1
Project("{9A19103F-16F7-4668-BE54-9A1E7A4F7556}") = "L6 Josué Reyes 1029024", "L6 Josué Reyes 1029024.csproj", "{CD712EBD-3AE8-45DD-8CB5-5C43C0B43B13}"
EndProject
Global
	GlobalSection(SolutionConfigurationPlatforms) = preSolution
		Debug|Any CPU = Debug|Any CPU
		Release|Any CPU = Release|Any CPU
	EndGlobalSection
	GlobalSection(ProjectConfigurationPlatforms) = postSolution
		{CD712EBD-3AE8-45DD-8CB5-5C43C0B43B13}.Debug|Any CPU.ActiveCfg = Debug|Any CPU
		{CD712EBD-3AE8-45DD-8CB5-5C43C0B43B13}.Debug|Any CPU.Build.0 = Debug|Any CPU
		{CD712EBD-3AE8-45DD-8CB5-5C43C0B43B13}.Release|Any CPU.ActiveCfg = Release|Any CPU
		{CD712EBD-3AE8-45DD-8CB5-5C43C0B43B13}.Release|Any CPU.Build.0 = Release|Any CPU
	EndGlobalSection
	GlobalSection(SolutionProperties) = preSolution
		HideSolutionNode = FALSE
	EndGlobalSection
	GlobalSection(ExtensibilityGlobals) = postSolution
		SolutionGuid = {DA70E1C6-FD6B-45C0-9798-9CD1EAE24E22}
	EndGlobalSection
EndGlobal
